
Microsoft Visual Studio Solution File, Format Version 12.00
# Visual Studio Version 17
VisualStudioVersion = 17.8.34330.188
MinimumVisualStudioVersion = 10.0.40219.1
Project("{9A19103F-16F7-4668-BE54-9A1E7A4F7556}") = "CosmeticShop", "CosmeticShop\CosmeticShop.csproj", "{61D4EB4C-2C76-42DE-93CB-32B2EB3A187C}"
EndProject
Global
	GlobalSection(SolutionConfigurationPlatforms) = preSolution
		Debug|Any CPU = Debug|Any CPU
		Release|Any CPU = Release|Any CPU
	EndGlobalSection
	GlobalSection(ProjectConfigurationPlatforms) = postSolution
		{61D4EB4C-2C76-42DE-93CB-32B2EB3A187C}.Debug|Any CPU.ActiveCfg = Debug|Any CPU
		{61D4EB4C-2C76-42DE-93CB-32B2EB3A187C}.Debug|Any CPU.Build.0 = Debug|Any CPU
		{61D4EB4C-2C76-42DE-93CB-32B2EB3A187C}.Release|Any CPU.ActiveCfg = Release|Any CPU
		{61D4EB4C-2C76-42DE-93CB-32B2EB3A187C}.Release|Any CPU.Build.0 = Release|Any CPU
	EndGlobalSection
	GlobalSection(SolutionProperties) = preSolution
		HideSolutionNode = FALSE
	EndGlobalSection
	GlobalSection(ExtensibilityGlobals) = postSolution
		SolutionGuid = {33E2563B-4B04-4450-94E0-0DF93C4F33CA}
	EndGlobalSection
EndGlobal
